# This file is autogenerated, do not edit; changes may be undone by the next 'dep ensure'.


[[projects]]
  branch = "master"
  digest = "1:d2374d0b8fcb5cf688b8939011259e75bd71b6900a5126b43442ea5ba286c7ff"
  name = "github.com/graph-gophers/graphql-go"
  packages = [
    ".",
    "errors",
    "internal/common",
    "internal/exec",
    "internal/exec/packer",
    "internal/exec/resolvable",
    "internal/exec/selected",
    "internal/query",
    "internal/schema",
    "internal/validation",
    "introspection",
    "log",
    "trace",
  ]
  pruneopts = "UT"
  revision = "0079757a4d9612f5674f8f9996e2350e1259ff1b"

[[projects]]
  digest = "1:450b7623b185031f3a456801155c8320209f75d0d4c4e633c6b1e59d44d6e392"
  name = "github.com/opentracing/opentracing-go"
  packages = [
    ".",
    "ext",
    "log",
  ]
  pruneopts = "UT"
  revision = "1949ddbfd147afd4d964a9f00b24eb291e0e7c38"
  version = "v1.0.2"

[[projects]]
  branch = "master"
  digest = "1:76ee51c3f468493aff39dbacc401e8831fbb765104cbf613b89bef01cf4bad70"
  name = "golang.org/x/net"
  packages = ["context"]
  pruneopts = "UT"
  revision = "351d144fa1fc0bd934e2408202be0c29f25e35a0"

[solve-meta]
  analyzer-name = "dep"
  analyzer-version = 1
  input-imports = ["github.com/graph-gophers/graphql-go"]
  solver-name = "gps-cdcl"
  solver-version = 1
