# This file is autogenerated, do not edit; changes may be undone by the next 'dep ensure'.


[[projects]]
  name = "github.com/gorilla/websocket"
  packages = ["."]
  revision = "ea4d1f681babbce9545c9c5f3d5194a789c89f5b"
  version = "v1.2.0"

[[projects]]
  branch = "master"
  name = "github.com/moorara/go-examples"
  packages = ["gorilla-websocket-vue/model","gorilla-websocket-vue/service"]
  revision = "c4baf16ea8467693cca7de6135c9aa4001ce069a"

[solve-meta]
  analyzer-name = "dep"
  analyzer-version = 1
  inputs-digest = "74c2c912f9053c8907a29ef1e8f70ff51048a15e5d012955377c1446435807b3"
  solver-name = "gps-cdcl"
  solver-version = 1
